
Microsoft Visual Studio Solution File, Format Version 12.00
# Visual Studio Version 16
VisualStudioVersion = 16.0.30611.23
MinimumVisualStudioVersion = 10.0.40219.1
Project("{FAE04EC0-301F-11D3-BF4B-00C04F79EFBC}") = "Web", "Web.csproj", "{1EED1148-FAAD-4954-B1B3-DFF94D833263}"
EndProject
Project("{FAE04EC0-301F-11D3-BF4B-00C04F79EFBC}") = "ApplicationCore", "..\ApplicationCore\ApplicationCore.csproj", "{12AF4D91-97F3-420F-81BD-73FEE5B35E70}"
EndProject
Project("{FAE04EC0-301F-11D3-BF4B-00C04F79EFBC}") = "Infrastructure", "..\Infrastructure\Infrastructure.csproj", "{A6EC6C10-7C3E-4E83-96DA-D3E66E7B14A5}"
EndProject
Global
	GlobalSection(SolutionConfigurationPlatforms) = preSolution
		Debug|Any CPU = Debug|Any CPU
		Release|Any CPU = Release|Any CPU
	EndGlobalSection
	GlobalSection(ProjectConfigurationPlatforms) = postSolution
		{1EED1148-FAAD-4954-B1B3-DFF94D833263}.Debug|Any CPU.ActiveCfg = Debug|Any CPU
		{1EED1148-FAAD-4954-B1B3-DFF94D833263}.Debug|Any CPU.Build.0 = Debug|Any CPU
		{1EED1148-FAAD-4954-B1B3-DFF94D833263}.Release|Any CPU.ActiveCfg = Release|Any CPU
		{1EED1148-FAAD-4954-B1B3-DFF94D833263}.Release|Any CPU.Build.0 = Release|Any CPU
		{12AF4D91-97F3-420F-81BD-73FEE5B35E70}.Debug|Any CPU.ActiveCfg = Debug|Any CPU
		{12AF4D91-97F3-420F-81BD-73FEE5B35E70}.Debug|Any CPU.Build.0 = Debug|Any CPU
		{12AF4D91-97F3-420F-81BD-73FEE5B35E70}.Release|Any CPU.ActiveCfg = Release|Any CPU
		{12AF4D91-97F3-420F-81BD-73FEE5B35E70}.Release|Any CPU.Build.0 = Release|Any CPU
		{A6EC6C10-7C3E-4E83-96DA-D3E66E7B14A5}.Debug|Any CPU.ActiveCfg = Debug|Any CPU
		{A6EC6C10-7C3E-4E83-96DA-D3E66E7B14A5}.Debug|Any CPU.Build.0 = Debug|Any CPU
		{A6EC6C10-7C3E-4E83-96DA-D3E66E7B14A5}.Release|Any CPU.ActiveCfg = Release|Any CPU
		{A6EC6C10-7C3E-4E83-96DA-D3E66E7B14A5}.Release|Any CPU.Build.0 = Release|Any CPU
	EndGlobalSection
	GlobalSection(SolutionProperties) = preSolution
		HideSolutionNode = FALSE
	EndGlobalSection
	GlobalSection(ExtensibilityGlobals) = postSolution
		SolutionGuid = {095429DE-86A0-4115-B236-1ECF0C15DE0E}
	EndGlobalSection
EndGlobal
